
Microsoft Visual Studio Solution File, Format Version 12.00
# Visual Studio 2013
VisualStudioVersion = 12.0.30723.0
MinimumVisualStudioVersion = 10.0.40219.1
Project("{FAE04EC0-301F-11D3-BF4B-00C04F79EFBC}") = "AbstractFactory", "AbstractFactory\AbstractFactory.csproj", "{C8ABD7EB-A0AE-4696-812E-51DA29C906E3}"
EndProject
Project("{FAE04EC0-301F-11D3-BF4B-00C04F79EFBC}") = "AbstractFactory.Lib", "AbstractFactory.Lib\AbstractFactory.Lib.csproj", "{A41CD6B4-F6D8-45CD-833D-9A760B48F0E7}"
EndProject
Project("{FAE04EC0-301F-11D3-BF4B-00C04F79EFBC}") = "AbstractFactory.Test", "AbstractFactory.Test\AbstractFactory.Test.csproj", "{A395159C-C709-404D-9DB1-D611AF8D05EE}"
EndProject
Global
	GlobalSection(SolutionConfigurationPlatforms) = preSolution
		Debug|Any CPU = Debug|Any CPU
		Release|Any CPU = Release|Any CPU
	EndGlobalSection
	GlobalSection(ProjectConfigurationPlatforms) = postSolution
		{C8ABD7EB-A0AE-4696-812E-51DA29C906E3}.Debug|Any CPU.ActiveCfg = Debug|Any CPU
		{C8ABD7EB-A0AE-4696-812E-51DA29C906E3}.Debug|Any CPU.Build.0 = Debug|Any CPU
		{C8ABD7EB-A0AE-4696-812E-51DA29C906E3}.Release|Any CPU.ActiveCfg = Release|Any CPU
		{C8ABD7EB-A0AE-4696-812E-51DA29C906E3}.Release|Any CPU.Build.0 = Release|Any CPU
		{A41CD6B4-F6D8-45CD-833D-9A760B48F0E7}.Debug|Any CPU.ActiveCfg = Debug|Any CPU
		{A41CD6B4-F6D8-45CD-833D-9A760B48F0E7}.Debug|Any CPU.Build.0 = Debug|Any CPU
		{A41CD6B4-F6D8-45CD-833D-9A760B48F0E7}.Release|Any CPU.ActiveCfg = Release|Any CPU
		{A41CD6B4-F6D8-45CD-833D-9A760B48F0E7}.Release|Any CPU.Build.0 = Release|Any CPU
		{A395159C-C709-404D-9DB1-D611AF8D05EE}.Debug|Any CPU.ActiveCfg = Debug|Any CPU
		{A395159C-C709-404D-9DB1-D611AF8D05EE}.Debug|Any CPU.Build.0 = Debug|Any CPU
		{A395159C-C709-404D-9DB1-D611AF8D05EE}.Release|Any CPU.ActiveCfg = Release|Any CPU
		{A395159C-C709-404D-9DB1-D611AF8D05EE}.Release|Any CPU.Build.0 = Release|Any CPU
	EndGlobalSection
	GlobalSection(SolutionProperties) = preSolution
		HideSolutionNode = FALSE
	EndGlobalSection
EndGlobal
